
Microsoft Visual Studio Solution File, Format Version 12.00
# Visual Studio 2012
Project("{8BC9CEB8-8B4A-11D0-8D11-00A0C91BC942}") = "第三章第5题", "第三章第5题\第三章第5题.vcxproj", "{4392FE5F-F7D5-42C0-8D3E-E5BC943806BA}"
EndProject
Global
	GlobalSection(SolutionConfigurationPlatforms) = preSolution
		Debug|Win32 = Debug|Win32
		Release|Win32 = Release|Win32
	EndGlobalSection
	GlobalSection(ProjectConfigurationPlatforms) = postSolution
		{4392FE5F-F7D5-42C0-8D3E-E5BC943806BA}.Debug|Win32.ActiveCfg = Debug|Win32
		{4392FE5F-F7D5-42C0-8D3E-E5BC943806BA}.Debug|Win32.Build.0 = Debug|Win32
		{4392FE5F-F7D5-42C0-8D3E-E5BC943806BA}.Release|Win32.ActiveCfg = Release|Win32
		{4392FE5F-F7D5-42C0-8D3E-E5BC943806BA}.Release|Win32.Build.0 = Release|Win32
	EndGlobalSection
	GlobalSection(SolutionProperties) = preSolution
		HideSolutionNode = FALSE
	EndGlobalSection
EndGlobal
